
Microsoft Visual Studio Solution File, Format Version 12.00
# Visual Studio Version 16
VisualStudioVersion = 16.0.28729.10
MinimumVisualStudioVersion = 10.0.40219.1
Project("{FAE04EC0-301F-11D3-BF4B-00C04F79EFBC}") = "ConsoleApp1", "ConsoleApp1\ConsoleApp1.csproj", "{21FF012F-D7DF-42D3-A08A-882EE9193F3A}"
EndProject
Global
	GlobalSection(SolutionConfigurationPlatforms) = preSolution
		Debug|Any CPU = Debug|Any CPU
		Release|Any CPU = Release|Any CPU
	EndGlobalSection
	GlobalSection(ProjectConfigurationPlatforms) = postSolution
		{21FF012F-D7DF-42D3-A08A-882EE9193F3A}.Debug|Any CPU.ActiveCfg = Debug|Any CPU
		{21FF012F-D7DF-42D3-A08A-882EE9193F3A}.Debug|Any CPU.Build.0 = Debug|Any CPU
		{21FF012F-D7DF-42D3-A08A-882EE9193F3A}.Release|Any CPU.ActiveCfg = Release|Any CPU
		{21FF012F-D7DF-42D3-A08A-882EE9193F3A}.Release|Any CPU.Build.0 = Release|Any CPU
	EndGlobalSection
	GlobalSection(SolutionProperties) = preSolution
		HideSolutionNode = FALSE
	EndGlobalSection
	GlobalSection(ExtensibilityGlobals) = postSolution
		SolutionGuid = {D0804687-F4CA-40A0-9ACE-327EBC9076C3}
	EndGlobalSection
EndGlobal
